
Microsoft Visual Studio Solution File, Format Version 12.00
# Visual Studio Version 16
VisualStudioVersion = 16.0.29215.179
MinimumVisualStudioVersion = 10.0.40219.1
Project("{FAE04EC0-301F-11D3-BF4B-00C04F79EFBC}") = "SalesWebMvc", "SalesWebMvc\SalesWebMvc.csproj", "{FA76852C-A8A8-4B4D-82B5-7ACD4B298A70}"
EndProject
Global
	GlobalSection(SolutionConfigurationPlatforms) = preSolution
		Debug|Any CPU = Debug|Any CPU
		Release|Any CPU = Release|Any CPU
	EndGlobalSection
	GlobalSection(ProjectConfigurationPlatforms) = postSolution
		{FA76852C-A8A8-4B4D-82B5-7ACD4B298A70}.Debug|Any CPU.ActiveCfg = Debug|Any CPU
		{FA76852C-A8A8-4B4D-82B5-7ACD4B298A70}.Debug|Any CPU.Build.0 = Debug|Any CPU
		{FA76852C-A8A8-4B4D-82B5-7ACD4B298A70}.Release|Any CPU.ActiveCfg = Release|Any CPU
		{FA76852C-A8A8-4B4D-82B5-7ACD4B298A70}.Release|Any CPU.Build.0 = Release|Any CPU
	EndGlobalSection
	GlobalSection(SolutionProperties) = preSolution
		HideSolutionNode = FALSE
	EndGlobalSection
	GlobalSection(ExtensibilityGlobals) = postSolution
		SolutionGuid = {F48DA872-20A3-4516-95B7-9D0718ADD82B}
	EndGlobalSection
EndGlobal
